
Microsoft Visual Studio Solution File, Format Version 12.00
# Visual Studio Version 17
VisualStudioVersion = 17.8.34322.80
MinimumVisualStudioVersion = 10.0.40219.1
Project("{FAE04EC0-301F-11D3-BF4B-00C04F79EFBC}") = "Automobile", "Automobile.csproj", "{C238164A-2F79-43C6-B9F5-142E731ACA3C}"
EndProject
Global
	GlobalSection(SolutionConfigurationPlatforms) = preSolution
		Debug|Any CPU = Debug|Any CPU
		Release|Any CPU = Release|Any CPU
	EndGlobalSection
	GlobalSection(ProjectConfigurationPlatforms) = postSolution
		{C238164A-2F79-43C6-B9F5-142E731ACA3C}.Debug|Any CPU.ActiveCfg = Debug|Any CPU
		{C238164A-2F79-43C6-B9F5-142E731ACA3C}.Debug|Any CPU.Build.0 = Debug|Any CPU
		{C238164A-2F79-43C6-B9F5-142E731ACA3C}.Release|Any CPU.ActiveCfg = Release|Any CPU
		{C238164A-2F79-43C6-B9F5-142E731ACA3C}.Release|Any CPU.Build.0 = Release|Any CPU
	EndGlobalSection
	GlobalSection(SolutionProperties) = preSolution
		HideSolutionNode = FALSE
	EndGlobalSection
	GlobalSection(ExtensibilityGlobals) = postSolution
		SolutionGuid = {E2F2B6D5-A1FA-4097-86F3-4281CF161A70}
	EndGlobalSection
EndGlobal
